Microsoft Visual Studio Solution File, Format Version 11.00
# Visual Studio 2008

Project("{687B0A92-2552-063E-83A5-1B6771FA3A67}") = "Wondertales", "Assembly-CSharp-firstpass-vs.csproj", "{EB370B5F-A954-E75D-E228-E7FEC8D7A544}"
EndProject
Project("{687B0A92-2552-063E-83A5-1B6771FA3A67}") = "Wondertales", "Assembly-CSharp-vs.csproj", "{B3AA9E0D-4884-E368-38CB-688CB0C9C44E}"
EndProject
Project("{687B0A92-2552-063E-83A5-1B6771FA3A67}") = "Wondertales", "Assembly-CSharp-Editor-vs.csproj", "{88B60172-A177-4EA9-D427-3E6B557F1BF1}"
EndProject
Global
	GlobalSection(SolutionConfigurationPlatforms) = preSolution
		Debug|Any CPU = Debug|Any CPU
		Release|Any CPU = Release|Any CPU
	EndGlobalSection
	GlobalSection(ProjectConfigurationPlatforms) = postSolution
		{EB370B5F-A954-E75D-E228-E7FEC8D7A544}.Debug|Any CPU.ActiveCfg = Debug|Any CPU
		{EB370B5F-A954-E75D-E228-E7FEC8D7A544}.Debug|Any CPU.Build.0 = Debug|Any CPU
		{EB370B5F-A954-E75D-E228-E7FEC8D7A544}.Release|Any CPU.ActiveCfg = Release|Any CPU
		{EB370B5F-A954-E75D-E228-E7FEC8D7A544}.Release|Any CPU.Build.0 = Release|Any CPU
		{B3AA9E0D-4884-E368-38CB-688CB0C9C44E}.Debug|Any CPU.ActiveCfg = Debug|Any CPU
		{B3AA9E0D-4884-E368-38CB-688CB0C9C44E}.Debug|Any CPU.Build.0 = Debug|Any CPU
		{B3AA9E0D-4884-E368-38CB-688CB0C9C44E}.Release|Any CPU.ActiveCfg = Release|Any CPU
		{B3AA9E0D-4884-E368-38CB-688CB0C9C44E}.Release|Any CPU.Build.0 = Release|Any CPU
		{88B60172-A177-4EA9-D427-3E6B557F1BF1}.Debug|Any CPU.ActiveCfg = Debug|Any CPU
		{88B60172-A177-4EA9-D427-3E6B557F1BF1}.Debug|Any CPU.Build.0 = Debug|Any CPU
		{88B60172-A177-4EA9-D427-3E6B557F1BF1}.Release|Any CPU.ActiveCfg = Release|Any CPU
		{88B60172-A177-4EA9-D427-3E6B557F1BF1}.Release|Any CPU.Build.0 = Release|Any CPU
	EndGlobalSection
	GlobalSection(SolutionProperties) = preSolution
		HideSolutionNode = FALSE
	EndGlobalSection
			GlobalSection(MonoDevelopProperties) = preSolution
		StartupItem = Assembly-CSharp.csproj
		Policies = $0
		$0.TextStylePolicy = $1
		$1.inheritsSet = null
		$1.scope = text/x-csharp
		$0.CSharpFormattingPolicy = $2
		$2.inheritsSet = Mono
		$2.inheritsScope = text/x-csharp
		$2.scope = text/x-csharp
		$0.TextStylePolicy = $3
		$3.FileWidth = 120
		$3.TabWidth = 4
		$3.EolMarker = Unix
		$3.inheritsSet = Mono
		$3.inheritsScope = text/plain
		$3.scope = text/plain
	EndGlobalSection

EndGlobal
